// !$*UTF8*$!
{
	archiveVersion = 1;
	classes = {
	};
	objectVersion = 55;
	objects = {

/* Begin PBXBuildFile section */
		479A32FA7830B5F0E9D0CF2E /* Pods_Barva_.framework in Frameworks */ = {isa = PBXBuildFile; fileRef = BA1E479E1F26CD78C571DECC /* Pods_Barva_.framework */; };
		EB03C48428B262B700AECA53 /* MPLUS1Code in Resources */ = {isa = PBXBuildFile; fileRef = EB03C48328B262B700AECA53 /* MPLUS1Code */; };
		EB1751F428AA78EA009FEFBF /* FindTabManViewController.swift in Sources */ = {isa = PBXBuildFile; fileRef = EB1751F328AA78EA009FEFBF /* FindTabManViewController.swift */; };
		EB1751F628AA78F8009FEFBF /* PWFindTabViewController.swift in Sources */ = {isa = PBXBuildFile; fileRef = EB1751F528AA78F8009FEFBF /* PWFindTabViewController.swift */; };
		EB1751F828AA7D7A009FEFBF /* IDFindTabViewController.swift in Sources */ = {isa = PBXBuildFile; fileRef = EB1751F728AA7D7A009FEFBF /* IDFindTabViewController.swift */; };
		EB1751FA28AA8D43009FEFBF /* FindViewController.swift in Sources */ = {isa = PBXBuildFile; fileRef = EB1751F928AA8D43009FEFBF /* FindViewController.swift */; };
		EB25ACF828A1364D0006C1F2 /* AppDelegate.swift in Sources */ = {isa = PBXBuildFile; fileRef = EB25ACF728A1364D0006C1F2 /* AppDelegate.swift */; };
		EB25ACFA28A1364D0006C1F2 /* SceneDelegate.swift in Sources */ = {isa = PBXBuildFile; fileRef = EB25ACF928A1364D0006C1F2 /* SceneDelegate.swift */; };
		EB25ACFC28A1364D0006C1F2 /* LoginViewController.swift in Sources */ = {isa = PBXBuildFile; fileRef = EB25ACFB28A1364D0006C1F2 /* LoginViewController.swift */; };
		EB25ACFF28A1364D0006C1F2 /* Login.storyboard in Resources */ = {isa = PBXBuildFile; fileRef = EB25ACFD28A1364D0006C1F2 /* Login.storyboard */; };
		EB25AD0128A136500006C1F2 /* Assets.xcassets in Resources */ = {isa = PBXBuildFile; fileRef = EB25AD0028A136500006C1F2 /* Assets.xcassets */; };
		EB25AD0428A136500006C1F2 /* LaunchScreen.storyboard in Resources */ = {isa = PBXBuildFile; fileRef = EB25AD0228A136500006C1F2 /* LaunchScreen.storyboard */; };
		EB2EA2F928A1409800EC0685 /* SigninViewController.swift in Sources */ = {isa = PBXBuildFile; fileRef = EB2EA2F828A1409800EC0685 /* SigninViewController.swift */; };
		EB2EA2FB28A1410E00EC0685 /* Home.storyboard in Resources */ = {isa = PBXBuildFile; fileRef = EB2EA2FA28A1410E00EC0685 /* Home.storyboard */; };
		EB84731E28C2F53700638EE2 /* FeedTableViewCell.xib in Resources */ = {isa = PBXBuildFile; fileRef = EB84731D28C2F53700638EE2 /* FeedTableViewCell.xib */; };
		EB9CC95C28A40A1A003D9F22 /* UploadTab.storyboard in Resources */ = {isa = PBXBuildFile; fileRef = EB9CC95B28A40A1A003D9F22 /* UploadTab.storyboard */; };
		EB9CC95E28A40A53003D9F22 /* ProfileTab.storyboard in Resources */ = {isa = PBXBuildFile; fileRef = EB9CC95D28A40A53003D9F22 /* ProfileTab.storyboard */; };
		EB9CC96028A40A6D003D9F22 /* ColorTab.storyboard in Resources */ = {isa = PBXBuildFile; fileRef = EB9CC95F28A40A6D003D9F22 /* ColorTab.storyboard */; };
		EBA45B3228C100B7007B95CC /* ProfileModifyViewController.swift in Sources */ = {isa = PBXBuildFile; fileRef = EBA45B3128C100B7007B95CC /* ProfileModifyViewController.swift */; };
		EBA63E9828AB717100144E3A /* BarvaLog.swift in Sources */ = {isa = PBXBuildFile; fileRef = EBA63E9728AB717100144E3A /* BarvaLog.swift */; };
		EBAEEF5D28B35A5A00744A4F /* SpoqaHanSans in Resources */ = {isa = PBXBuildFile; fileRef = EBAEEF5C28B35A5A00744A4F /* SpoqaHanSans */; };
		EBB8F45828BF99FA0069D4E1 /* inter-cufonfonts in Resources */ = {isa = PBXBuildFile; fileRef = EBB8F45728BF99FA0069D4E1 /* inter-cufonfonts */; };
		EBB8F45C28BF9C430069D4E1 /* ProfileTabManViewController.swift in Sources */ = {isa = PBXBuildFile; fileRef = EBB8F45B28BF9C430069D4E1 /* ProfileTabManViewController.swift */; };
		EBB8F45E28BFA56C0069D4E1 /* LikeTabViewController.swift in Sources */ = {isa = PBXBuildFile; fileRef = EBB8F45D28BFA56C0069D4E1 /* LikeTabViewController.swift */; };
		EBB8F46028BFA5830069D4E1 /* MyUpTabViewController.swift in Sources */ = {isa = PBXBuildFile; fileRef = EBB8F45F28BFA5830069D4E1 /* MyUpTabViewController.swift */; };
		EBB8F46228BFA61E0069D4E1 /* StorageTabViewController.swift in Sources */ = {isa = PBXBuildFile; fileRef = EBB8F46128BFA61E0069D4E1 /* StorageTabViewController.swift */; };
		EBBC384F28A70DEE000D075D /* PopupViewController.swift in Sources */ = {isa = PBXBuildFile; fileRef = EBBC384E28A70DEE000D075D /* PopupViewController.swift */; };
		EBC7609B28B5F32C006ED770 /* HomeTabManViewController.swift in Sources */ = {isa = PBXBuildFile; fileRef = EBC7609A28B5F32C006ED770 /* HomeTabManViewController.swift */; };
		EBC7609D28B5F385006ED770 /* LatestBoardViewController.swift in Sources */ = {isa = PBXBuildFile; fileRef = EBC7609C28B5F385006ED770 /* LatestBoardViewController.swift */; };
		EBC7609F28B5F3CB006ED770 /* LikeBoardViewController.swift in Sources */ = {isa = PBXBuildFile; fileRef = EBC7609E28B5F3CB006ED770 /* LikeBoardViewController.swift */; };
		EBC760A128B5F3FC006ED770 /* SexBoardViewController.swift in Sources */ = {isa = PBXBuildFile; fileRef = EBC760A028B5F3FC006ED770 /* SexBoardViewController.swift */; };
		EBE4EDB228A4E6A4005C7516 /* LoginRequest.swift in Sources */ = {isa = PBXBuildFile; fileRef = EBE4EDB128A4E6A4005C7516 /* LoginRequest.swift */; };
		EBE4EDB428A4E6B4005C7516 /* LoginResponse.swift in Sources */ = {isa = PBXBuildFile; fileRef = EBE4EDB328A4E6B4005C7516 /* LoginResponse.swift */; };
		EBE4EDB628A4E6C7005C7516 /* SigninRequest.swift in Sources */ = {isa = PBXBuildFile; fileRef = EBE4EDB528A4E6C7005C7516 /* SigninRequest.swift */; };
		EBE4EDB828A4E6D5005C7516 /* SigninResponse.swift in Sources */ = {isa = PBXBuildFile; fileRef = EBE4EDB728A4E6D5005C7516 /* SigninResponse.swift */; };
		EBE4EDBA28A51238005C7516 /* HomeViewController.swift in Sources */ = {isa = PBXBuildFile; fileRef = EBE4EDB928A51238005C7516 /* HomeViewController.swift */; };
		EBE4EDBC28A51255005C7516 /* UploadTabViewController.swift in Sources */ = {isa = PBXBuildFile; fileRef = EBE4EDBB28A51255005C7516 /* UploadTabViewController.swift */; };
		EBE4EDBE28A51288005C7516 /* ProfileTabViewController.swift in Sources */ = {isa = PBXBuildFile; fileRef = EBE4EDBD28A51288005C7516 /* ProfileTabViewController.swift */; };
		EBE4EDC028A5129A005C7516 /* ColorTabViewController.swift in Sources */ = {isa = PBXBuildFile; fileRef = EBE4EDBF28A5129A005C7516 /* ColorTabViewController.swift */; };
		EBE4EDC328A514AF005C7516 /* UIViewController+Extension.swift in Sources */ = {isa = PBXBuildFile; fileRef = EBE4EDC228A514AF005C7516 /* UIViewController+Extension.swift */; };
		EBF510D128AFBC2D0098BD5A /* IDCheckRequest.swift in Sources */ = {isa = PBXBuildFile; fileRef = EBF510D028AFBC2D0098BD5A /* IDCheckRequest.swift */; };
		EBF510D328AFBC410098BD5A /* IDCheckResponse.swift in Sources */ = {isa = PBXBuildFile; fileRef = EBF510D228AFBC410098BD5A /* IDCheckResponse.swift */; };
		EBF510D528AFBC570098BD5A /* NickCheckRequest.swift in Sources */ = {isa = PBXBuildFile; fileRef = EBF510D428AFBC570098BD5A /* NickCheckRequest.swift */; };
		EBF510D728AFBC660098BD5A /* NickCheckResponse.swift in Sources */ = {isa = PBXBuildFile; fileRef = EBF510D628AFBC660098BD5A /* NickCheckResponse.swift */; };
		EBF510DA28AFBD060098BD5A /* AuthMailRequest.swift in Sources */ = {isa = PBXBuildFile; fileRef = EBF510D928AFBD060098BD5A /* AuthMailRequest.swift */; };
		EBF510DC28AFBD1C0098BD5A /* AuthMailResponse.swift in Sources */ = {isa = PBXBuildFile; fileRef = EBF510DB28AFBD1C0098BD5A /* AuthMailResponse.swift */; };
		EBF510DE28AFBD890098BD5A /* InspectMailRequest.swift in Sources */ = {isa = PBXBuildFile; fileRef = EBF510DD28AFBD890098BD5A /* InspectMailRequest.swift */; };
		EBF510E028AFBD980098BD5A /* InspectMailRewponse.swift in Sources */ = {isa = PBXBuildFile; fileRef = EBF510DF28AFBD980098BD5A /* InspectMailRewponse.swift */; };
/* End PBXBuildFile section */

/* Begin PBXFileReference section */
		99C4C033FDF3CECE088BEA18 /* Pods-Barva..release.xcconfig */ = {isa = PBXFileReference; includeInIndex = 1; lastKnownFileType = text.xcconfig; name = "Pods-Barva..release.xcconfig"; path = "Target Support Files/Pods-Barva./Pods-Barva..release.xcconfig"; sourceTree = "<group>"; };
		AAC241ED1C09FC4C51B94F4D /* Pods-Barva..debug.xcconfig */ = {isa = PBXFileReference; includeInIndex = 1; lastKnownFileType = text.xcconfig; name = "Pods-Barva..debug.xcconfig"; path = "Target Support Files/Pods-Barva./Pods-Barva..debug.xcconfig"; sourceTree = "<group>"; };
		BA1E479E1F26CD78C571DECC /* Pods_Barva_.framework */ = {isa = PBXFileReference; explicitFileType = wrapper.framework; includeInIndex = 0; path = Pods_Barva_.framework; sourceTree = BUILT_PRODUCTS_DIR; };
		EB03C48328B262B700AECA53 /* MPLUS1Code */ = {isa = PBXFileReference; lastKnownFileType = folder; path = MPLUS1Code; sourceTree = "<group>"; };
		EB1751F328AA78EA009FEFBF /* FindTabManViewController.swift */ = {isa = PBXFileReference; lastKnownFileType = sourcecode.swift; path = FindTabManViewController.swift; sourceTree = "<group>"; };
		EB1751F528AA78F8009FEFBF /* PWFindTabViewController.swift */ = {isa = PBXFileReference; lastKnownFileType = sourcecode.swift; path = PWFindTabViewController.swift; sourceTree = "<group>"; };
		EB1751F728AA7D7A009FEFBF /* IDFindTabViewController.swift */ = {isa = PBXFileReference; lastKnownFileType = sourcecode.swift; path = IDFindTabViewController.swift; sourceTree = "<group>"; };
		EB1751F928AA8D43009FEFBF /* FindViewController.swift */ = {isa = PBXFileReference; lastKnownFileType = sourcecode.swift; path = FindViewController.swift; sourceTree = "<group>"; };
		EB25ACF428A1364D0006C1F2 /* Barva..app */ = {isa = PBXFileReference; explicitFileType = wrapper.application; includeInIndex = 0; path = Barva..app; sourceTree = BUILT_PRODUCTS_DIR; };
		EB25ACF728A1364D0006C1F2 /* AppDelegate.swift */ = {isa = PBXFileReference; lastKnownFileType = sourcecode.swift; path = AppDelegate.swift; sourceTree = "<group>"; };
		EB25ACF928A1364D0006C1F2 /* SceneDelegate.swift */ = {isa = PBXFileReference; lastKnownFileType = sourcecode.swift; path = SceneDelegate.swift; sourceTree = "<group>"; };
		EB25ACFB28A1364D0006C1F2 /* LoginViewController.swift */ = {isa = PBXFileReference; lastKnownFileType = sourcecode.swift; path = LoginViewController.swift; sourceTree = "<group>"; };
		EB25ACFE28A1364D0006C1F2 /* Base */ = {isa = PBXFileReference; lastKnownFileType = file.storyboard; name = Base; path = Base.lproj/Login.storyboard; sourceTree = "<group>"; };
		EB25AD0028A136500006C1F2 /* Assets.xcassets */ = {isa = PBXFileReference; lastKnownFileType = folder.assetcatalog; path = Assets.xcassets; sourceTree = "<group>"; };
		EB25AD0328A136500006C1F2 /* Base */ = {isa = PBXFileReference; lastKnownFileType = file.storyboard; name = Base; path = Base.lproj/LaunchScreen.storyboard; sourceTree = "<group>"; };
		EB25AD0528A136500006C1F2 /* Info.plist */ = {isa = PBXFileReference; lastKnownFileType = text.plist.xml; path = Info.plist; sourceTree = "<group>"; };
		EB2EA2F828A1409800EC0685 /* SigninViewController.swift */ = {isa = PBXFileReference; lastKnownFileType = sourcecode.swift; path = SigninViewController.swift; sourceTree = "<group>"; };
		EB2EA2FA28A1410E00EC0685 /* Home.storyboard */ = {isa = PBXFileReference; lastKnownFileType = file.storyboard; path = Home.storyboard; sourceTree = "<group>"; };
		EB2F99C628B0ABF10084EB7B /* YPImagePicker.framework */ = {isa = PBXFileReference; explicitFileType = wrapper.framework; path = YPImagePicker.framework; sourceTree = BUILT_PRODUCTS_DIR; };
		EB84731D28C2F53700638EE2 /* FeedTableViewCell.xib */ = {isa = PBXFileReference; lastKnownFileType = file.xib; path = FeedTableViewCell.xib; sourceTree = "<group>"; };
		EB9CC95B28A40A1A003D9F22 /* UploadTab.storyboard */ = {isa = PBXFileReference; lastKnownFileType = file.storyboard; path = UploadTab.storyboard; sourceTree = "<group>"; };
		EB9CC95D28A40A53003D9F22 /* ProfileTab.storyboard */ = {isa = PBXFileReference; lastKnownFileType = file.storyboard; path = ProfileTab.storyboard; sourceTree = "<group>"; };
		EB9CC95F28A40A6D003D9F22 /* ColorTab.storyboard */ = {isa = PBXFileReference; lastKnownFileType = file.storyboard; path = ColorTab.storyboard; sourceTree = "<group>"; };
		EBA45B3128C100B7007B95CC /* ProfileModifyViewController.swift */ = {isa = PBXFileReference; lastKnownFileType = sourcecode.swift; path = ProfileModifyViewController.swift; sourceTree = "<group>"; };
		EBA63E9728AB717100144E3A /* BarvaLog.swift */ = {isa = PBXFileReference; lastKnownFileType = sourcecode.swift; path = BarvaLog.swift; sourceTree = "<group>"; };
		EBAEEF5C28B35A5A00744A4F /* SpoqaHanSans */ = {isa = PBXFileReference; lastKnownFileType = folder; path = SpoqaHanSans; sourceTree = "<group>"; };
		EBB8F45728BF99FA0069D4E1 /* inter-cufonfonts */ = {isa = PBXFileReference; lastKnownFileType = folder; path = "inter-cufonfonts"; sourceTree = "<group>"; };
		EBB8F45B28BF9C430069D4E1 /* ProfileTabManViewController.swift */ = {isa = PBXFileReference; lastKnownFileType = sourcecode.swift; path = ProfileTabManViewController.swift; sourceTree = "<group>"; };
		EBB8F45D28BFA56C0069D4E1 /* LikeTabViewController.swift */ = {isa = PBXFileReference; lastKnownFileType = sourcecode.swift; path = LikeTabViewController.swift; sourceTree = "<group>"; };
		EBB8F45F28BFA5830069D4E1 /* MyUpTabViewController.swift */ = {isa = PBXFileReference; lastKnownFileType = sourcecode.swift; path = MyUpTabViewController.swift; sourceTree = "<group>"; };
		EBB8F46128BFA61E0069D4E1 /* StorageTabViewController.swift */ = {isa = PBXFileReference; lastKnownFileType = sourcecode.swift; path = StorageTabViewController.swift; sourceTree = "<group>"; };
		EBBC384E28A70DEE000D075D /* PopupViewController.swift */ = {isa = PBXFileReference; lastKnownFileType = sourcecode.swift; path = PopupViewController.swift; sourceTree = "<group>"; };
		EBC7609A28B5F32C006ED770 /* HomeTabManViewController.swift */ = {isa = PBXFileReference; lastKnownFileType = sourcecode.swift; path = HomeTabManViewController.swift; sourceTree = "<group>"; };
		EBC7609C28B5F385006ED770 /* LatestBoardViewController.swift */ = {isa = PBXFileReference; lastKnownFileType = sourcecode.swift; path = LatestBoardViewController.swift; sourceTree = "<group>"; };
		EBC7609E28B5F3CB006ED770 /* LikeBoardViewController.swift */ = {isa = PBXFileReference; lastKnownFileType = sourcecode.swift; path = LikeBoardViewController.swift; sourceTree = "<group>"; };
		EBC760A028B5F3FC006ED770 /* SexBoardViewController.swift */ = {isa = PBXFileReference; lastKnownFileType = sourcecode.swift; path = SexBoardViewController.swift; sourceTree = "<group>"; };
		EBE4EDB128A4E6A4005C7516 /* LoginRequest.swift */ = {isa = PBXFileReference; lastKnownFileType = sourcecode.swift; path = LoginRequest.swift; sourceTree = "<group>"; };
		EBE4EDB328A4E6B4005C7516 /* LoginResponse.swift */ = {isa = PBXFileReference; lastKnownFileType = sourcecode.swift; path = LoginResponse.swift; sourceTree = "<group>"; };
		EBE4EDB528A4E6C7005C7516 /* SigninRequest.swift */ = {isa = PBXFileReference; lastKnownFileType = sourcecode.swift; path = SigninRequest.swift; sourceTree = "<group>"; };
		EBE4EDB728A4E6D5005C7516 /* SigninResponse.swift */ = {isa = PBXFileReference; lastKnownFileType = sourcecode.swift; path = SigninResponse.swift; sourceTree = "<group>"; };
		EBE4EDB928A51238005C7516 /* HomeViewController.swift */ = {isa = PBXFileReference; lastKnownFileType = sourcecode.swift; path = HomeViewController.swift; sourceTree = "<group>"; };
		EBE4EDBB28A51255005C7516 /* UploadTabViewController.swift */ = {isa = PBXFileReference; lastKnownFileType = sourcecode.swift; path = UploadTabViewController.swift; sourceTree = "<group>"; };
		EBE4EDBD28A51288005C7516 /* ProfileTabViewController.swift */ = {isa = PBXFileReference; lastKnownFileType = sourcecode.swift; path = ProfileTabViewController.swift; sourceTree = "<group>"; };
		EBE4EDBF28A5129A005C7516 /* ColorTabViewController.swift */ = {isa = PBXFileReference; lastKnownFileType = sourcecode.swift; path = ColorTabViewController.swift; sourceTree = "<group>"; };
		EBE4EDC228A514AF005C7516 /* UIViewController+Extension.swift */ = {isa = PBXFileReference; lastKnownFileType = sourcecode.swift; path = "UIViewController+Extension.swift"; sourceTree = "<group>"; };
		EBF510D028AFBC2D0098BD5A /* IDCheckRequest.swift */ = {isa = PBXFileReference; lastKnownFileType = sourcecode.swift; path = IDCheckRequest.swift; sourceTree = "<group>"; };
		EBF510D228AFBC410098BD5A /* IDCheckResponse.swift */ = {isa = PBXFileReference; lastKnownFileType = sourcecode.swift; path = IDCheckResponse.swift; sourceTree = "<group>"; };
		EBF510D428AFBC570098BD5A /* NickCheckRequest.swift */ = {isa = PBXFileReference; lastKnownFileType = sourcecode.swift; path = NickCheckRequest.swift; sourceTree = "<group>"; };
		EBF510D628AFBC660098BD5A /* NickCheckResponse.swift */ = {isa = PBXFileReference; lastKnownFileType = sourcecode.swift; path = NickCheckResponse.swift; sourceTree = "<group>"; };
		EBF510D928AFBD060098BD5A /* AuthMailRequest.swift */ = {isa = PBXFileReference; lastKnownFileType = sourcecode.swift; path = AuthMailRequest.swift; sourceTree = "<group>"; };
		EBF510DB28AFBD1C0098BD5A /* AuthMailResponse.swift */ = {isa = PBXFileReference; lastKnownFileType = sourcecode.swift; path = AuthMailResponse.swift; sourceTree = "<group>"; };
		EBF510DD28AFBD890098BD5A /* InspectMailRequest.swift */ = {isa = PBXFileReference; lastKnownFileType = sourcecode.swift; path = InspectMailRequest.swift; sourceTree = "<group>"; };
		EBF510DF28AFBD980098BD5A /* InspectMailRewponse.swift */ = {isa = PBXFileReference; lastKnownFileType = sourcecode.swift; path = InspectMailRewponse.swift; sourceTree = "<group>"; };
/* End PBXFileReference section */

/* Begin PBXFrameworksBuildPhase section */
		EB25ACF128A1364D0006C1F2 /* Frameworks */ = {
			isa = PBXFrameworksBuildPhase;
			buildActionMask = 2147483647;
			files = (
				479A32FA7830B5F0E9D0CF2E /* Pods_Barva_.framework in Frameworks */,
			);
			runOnlyForDeploymentPostprocessing = 0;
		};
/* End PBXFrameworksBuildPhase section */

/* Begin PBXGroup section */
		77DCB8BC7F0CDA7004843CA8 /* Frameworks */ = {
			isa = PBXGroup;
			children = (
				EB2F99C628B0ABF10084EB7B /* YPImagePicker.framework */,
				BA1E479E1F26CD78C571DECC /* Pods_Barva_.framework */,
			);
			name = Frameworks;
			sourceTree = "<group>";
		};
		EB1751F128AA7869009FEFBF /* Login */ = {
			isa = PBXGroup;
			children = (
				EB25ACFB28A1364D0006C1F2 /* LoginViewController.swift */,
				EB2EA2F828A1409800EC0685 /* SigninViewController.swift */,
				EB88611028ACCCA8003FD651 /* Find */,
			);
			path = Login;
			sourceTree = "<group>";
		};
		EB1751F228AA788A009FEFBF /* Home */ = {
			isa = PBXGroup;
			children = (
				EBC7609928B5F30B006ED770 /* home */,
				EBA45B2F28C0F94F007B95CC /* Upload */,
				EBA45B3028C0F965007B95CC /* Color */,
				EBB8F45A28BF9BEE0069D4E1 /* Profile */,
			);
			path = Home;
			sourceTree = "<group>";
		};
		EB25ACEB28A1364D0006C1F2 = {
			isa = PBXGroup;
			children = (
				EB25ACF628A1364D0006C1F2 /* Barva. */,
				EB25ACF528A1364D0006C1F2 /* Products */,
				F672DD687F285981EF7AC4EA /* Pods */,
				77DCB8BC7F0CDA7004843CA8 /* Frameworks */,
			);
			sourceTree = "<group>";
		};
		EB25ACF528A1364D0006C1F2 /* Products */ = {
			isa = PBXGroup;
			children = (
				EB25ACF428A1364D0006C1F2 /* Barva..app */,
			);
			name = Products;
			sourceTree = "<group>";
		};
		EB25ACF628A1364D0006C1F2 /* Barva. */ = {
			isa = PBXGroup;
			children = (
				EB25AD0E28A137380006C1F2 /* Controller */,
				EB25AD0C28A137170006C1F2 /* Model */,
				EB25AD0D28A1372A0006C1F2 /* View */,
				EB25AD0B28A137060006C1F2 /* Delegate */,
				EBA63E9628AB714E00144E3A /* Debug */,
				EBB8F45928BF9A060069D4E1 /* Font */,
				EBE4EDC128A5148E005C7516 /* Extension */,
				EB25AD0028A136500006C1F2 /* Assets.xcassets */,
				EB25AD0228A136500006C1F2 /* LaunchScreen.storyboard */,
				EB25AD0528A136500006C1F2 /* Info.plist */,
			);
			path = Barva.;
			sourceTree = "<group>";
		};
		EB25AD0B28A137060006C1F2 /* Delegate */ = {
			isa = PBXGroup;
			children = (
				EB25ACF728A1364D0006C1F2 /* AppDelegate.swift */,
				EB25ACF928A1364D0006C1F2 /* SceneDelegate.swift */,
			);
			path = Delegate;
			sourceTree = "<group>";
		};
		EB25AD0C28A137170006C1F2 /* Model */ = {
			isa = PBXGroup;
			children = (
				EBF510CF28AFBBF40098BD5A /* Login */,
			);
			path = Model;
			sourceTree = "<group>";
		};
		EB25AD0D28A1372A0006C1F2 /* View */ = {
			isa = PBXGroup;
			children = (
				EB25ACFD28A1364D0006C1F2 /* Login.storyboard */,
				EB2EA2FA28A1410E00EC0685 /* Home.storyboard */,
				EB9CC95B28A40A1A003D9F22 /* UploadTab.storyboard */,
				EB9CC95F28A40A6D003D9F22 /* ColorTab.storyboard */,
				EB9CC95D28A40A53003D9F22 /* ProfileTab.storyboard */,
				EB84731D28C2F53700638EE2 /* FeedTableViewCell.xib */,
			);
			path = View;
			sourceTree = "<group>";
		};
		EB25AD0E28A137380006C1F2 /* Controller */ = {
			isa = PBXGroup;
			children = (
				EB1751F128AA7869009FEFBF /* Login */,
				EB1751F228AA788A009FEFBF /* Home */,
			);
			path = Controller;
			sourceTree = "<group>";
		};
		EB88611028ACCCA8003FD651 /* Find */ = {
			isa = PBXGroup;
			children = (
				EB1751F328AA78EA009FEFBF /* FindTabManViewController.swift */,
				EB1751F728AA7D7A009FEFBF /* IDFindTabViewController.swift */,
				EB1751F528AA78F8009FEFBF /* PWFindTabViewController.swift */,
				EB1751F928AA8D43009FEFBF /* FindViewController.swift */,
			);
			path = Find;
			sourceTree = "<group>";
		};
		EBA45B2F28C0F94F007B95CC /* Upload */ = {
			isa = PBXGroup;
			children = (
				EBE4EDBB28A51255005C7516 /* UploadTabViewController.swift */,
			);
			path = Upload;
			sourceTree = "<group>";
		};
		EBA45B3028C0F965007B95CC /* Color */ = {
			isa = PBXGroup;
			children = (
				EBE4EDBF28A5129A005C7516 /* ColorTabViewController.swift */,
			);
			path = Color;
			sourceTree = "<group>";
		};
		EBA63E9628AB714E00144E3A /* Debug */ = {
			isa = PBXGroup;
			children = (
				EBA63E9728AB717100144E3A /* BarvaLog.swift */,
			);
			path = Debug;
			sourceTree = "<group>";
		};
		EBB8F45928BF9A060069D4E1 /* Font */ = {
			isa = PBXGroup;
			children = (
				EBAEEF5C28B35A5A00744A4F /* SpoqaHanSans */,
				EBB8F45728BF99FA0069D4E1 /* inter-cufonfonts */,
				EB03C48328B262B700AECA53 /* MPLUS1Code */,
			);
			path = Font;
			sourceTree = "<group>";
		};
		EBB8F45A28BF9BEE0069D4E1 /* Profile */ = {
			isa = PBXGroup;
			children = (
				EBE4EDBD28A51288005C7516 /* ProfileTabViewController.swift */,
				EBB8F45B28BF9C430069D4E1 /* ProfileTabManViewController.swift */,
				EBB8F45F28BFA5830069D4E1 /* MyUpTabViewController.swift */,
				EBB8F45D28BFA56C0069D4E1 /* LikeTabViewController.swift */,
				EBB8F46128BFA61E0069D4E1 /* StorageTabViewController.swift */,
				EBA45B3128C100B7007B95CC /* ProfileModifyViewController.swift */,
			);
			path = Profile;
			sourceTree = "<group>";
		};
		EBC7609928B5F30B006ED770 /* home */ = {
			isa = PBXGroup;
			children = (
				EBBC384E28A70DEE000D075D /* PopupViewController.swift */,
				EBE4EDB928A51238005C7516 /* HomeViewController.swift */,
				EBC7609A28B5F32C006ED770 /* HomeTabManViewController.swift */,
				EBC7609C28B5F385006ED770 /* LatestBoardViewController.swift */,
				EBC7609E28B5F3CB006ED770 /* LikeBoardViewController.swift */,
				EBC760A028B5F3FC006ED770 /* SexBoardViewController.swift */,
			);
			path = home;
			sourceTree = "<group>";
		};
		EBE4EDAF28A4E663005C7516 /* LoginModel */ = {
			isa = PBXGroup;
			children = (
				EBE4EDB128A4E6A4005C7516 /* LoginRequest.swift */,
				EBE4EDB328A4E6B4005C7516 /* LoginResponse.swift */,
			);
			path = LoginModel;
			sourceTree = "<group>";
		};
		EBE4EDB028A4E670005C7516 /* SigninModel */ = {
			isa = PBXGroup;
			children = (
				EBE4EDB528A4E6C7005C7516 /* SigninRequest.swift */,
				EBE4EDB728A4E6D5005C7516 /* SigninResponse.swift */,
			);
			path = SigninModel;
			sourceTree = "<group>";
		};
		EBE4EDC128A5148E005C7516 /* Extension */ = {
			isa = PBXGroup;
			children = (
				EBE4EDC228A514AF005C7516 /* UIViewController+Extension.swift */,
			);
			path = Extension;
			sourceTree = "<group>";
		};
		EBF510CE28AFBBE60098BD5A /* CheckModel */ = {
			isa = PBXGroup;
			children = (
				EBF510D028AFBC2D0098BD5A /* IDCheckRequest.swift */,
				EBF510D228AFBC410098BD5A /* IDCheckResponse.swift */,
				EBF510D428AFBC570098BD5A /* NickCheckRequest.swift */,
				EBF510D628AFBC660098BD5A /* NickCheckResponse.swift */,
			);
			path = CheckModel;
			sourceTree = "<group>";
		};
		EBF510CF28AFBBF40098BD5A /* Login */ = {
			isa = PBXGroup;
			children = (
				EBE4EDAF28A4E663005C7516 /* LoginModel */,
				EBE4EDB028A4E670005C7516 /* SigninModel */,
				EBF510CE28AFBBE60098BD5A /* CheckModel */,
				EBF510D828AFBCE10098BD5A /* EmailModel */,
			);
			path = Login;
			sourceTree = "<group>";
		};
		EBF510D828AFBCE10098BD5A /* EmailModel */ = {
			isa = PBXGroup;
			children = (
				EBF510D928AFBD060098BD5A /* AuthMailRequest.swift */,
				EBF510DB28AFBD1C0098BD5A /* AuthMailResponse.swift */,
				EBF510DD28AFBD890098BD5A /* InspectMailRequest.swift */,
				EBF510DF28AFBD980098BD5A /* InspectMailRewponse.swift */,
			);
			path = EmailModel;
			sourceTree = "<group>";
		};
		F672DD687F285981EF7AC4EA /* Pods */ = {
			isa = PBXGroup;
			children = (
				AAC241ED1C09FC4C51B94F4D /* Pods-Barva..debug.xcconfig */,
				99C4C033FDF3CECE088BEA18 /* Pods-Barva..release.xcconfig */,
			);
			path = Pods;
			sourceTree = "<group>";
		};
/* End PBXGroup section */

/* Begin PBXNativeTarget section */
		EB25ACF328A1364D0006C1F2 /* Barva. */ = {
			isa = PBXNativeTarget;
			buildConfigurationList = EB25AD0828A136500006C1F2 /* Build configuration list for PBXNativeTarget "Barva." */;
			buildPhases = (
				48BB17305A5A4C88A1E3E669 /* [CP] Check Pods Manifest.lock */,
				EB25ACF028A1364D0006C1F2 /* Sources */,
				EB25ACF128A1364D0006C1F2 /* Frameworks */,
				EB25ACF228A1364D0006C1F2 /* Resources */,
				A254FF46F54B0F54EF19EF0F /* [CP] Embed Pods Frameworks */,
			);
			buildRules = (
			);
			dependencies = (
			);
			name = Barva.;
			productName = Barva.;
			productReference = EB25ACF428A1364D0006C1F2 /* Barva..app */;
			productType = "com.apple.product-type.application";
		};
/* End PBXNativeTarget section */

/* Begin PBXProject section */
		EB25ACEC28A1364D0006C1F2 /* Project object */ = {
			isa = PBXProject;
			attributes = {
				BuildIndependentTargetsInParallel = 1;
				LastSwiftUpdateCheck = 1340;
				LastUpgradeCheck = 1340;
				TargetAttributes = {
					EB25ACF328A1364D0006C1F2 = {
						CreatedOnToolsVersion = 13.4.1;
					};
				};
			};
			buildConfigurationList = EB25ACEF28A1364D0006C1F2 /* Build configuration list for PBXProject "Barva." */;
			compatibilityVersion = "Xcode 13.0";
			developmentRegion = en;
			hasScannedForEncodings = 0;
			knownRegions = (
				en,
				Base,
			);
			mainGroup = EB25ACEB28A1364D0006C1F2;
			productRefGroup = EB25ACF528A1364D0006C1F2 /* Products */;
			projectDirPath = "";
			projectRoot = "";
			targets = (
				EB25ACF328A1364D0006C1F2 /* Barva. */,
			);
		};
/* End PBXProject section */

/* Begin PBXResourcesBuildPhase section */
		EB25ACF228A1364D0006C1F2 /* Resources */ = {
			isa = PBXResourcesBuildPhase;
			buildActionMask = 2147483647;
			files = (
				EB9CC96028A40A6D003D9F22 /* ColorTab.storyboard in Resources */,
				EB9CC95E28A40A53003D9F22 /* ProfileTab.storyboard in Resources */,
				EB25AD0428A136500006C1F2 /* LaunchScreen.storyboard in Resources */,
				EB9CC95C28A40A1A003D9F22 /* UploadTab.storyboard in Resources */,
				EB25AD0128A136500006C1F2 /* Assets.xcassets in Resources */,
				EB25ACFF28A1364D0006C1F2 /* Login.storyboard in Resources */,
				EBAEEF5D28B35A5A00744A4F /* SpoqaHanSans in Resources */,
				EB2EA2FB28A1410E00EC0685 /* Home.storyboard in Resources */,
				EB84731E28C2F53700638EE2 /* FeedTableViewCell.xib in Resources */,
				EBB8F45828BF99FA0069D4E1 /* inter-cufonfonts in Resources */,
				EB03C48428B262B700AECA53 /* MPLUS1Code in Resources */,
			);
			runOnlyForDeploymentPostprocessing = 0;
		};
/* End PBXResourcesBuildPhase section */

/* Begin PBXShellScriptBuildPhase section */
		48BB17305A5A4C88A1E3E669 /* [CP] Check Pods Manifest.lock */ = {
			isa = PBXShellScriptBuildPhase;
			buildActionMask = 2147483647;
			files = (
			);
			inputFileListPaths = (
			);
			inputPaths = (
				"${PODS_PODFILE_DIR_PATH}/Podfile.lock",
				"${PODS_ROOT}/Manifest.lock",
			);
			name = "[CP] Check Pods Manifest.lock";
			outputFileListPaths = (
			);
			outputPaths = (
				"$(DERIVED_FILE_DIR)/Pods-Barva.-checkManifestLockResult.txt",
			);
			runOnlyForDeploymentPostprocessing = 0;
			shellPath = /bin/sh;
			shellScript = "diff \"${PODS_PODFILE_DIR_PATH}/Podfile.lock\" \"${PODS_ROOT}/Manifest.lock\" > /dev/null\nif [ $? != 0 ] ; then\n    # print error to STDERR\n    echo \"error: The sandbox is not in sync with the Podfile.lock. Run 'pod install' or update your CocoaPods installation.\" >&2\n    exit 1\nfi\n# This output is used by Xcode 'outputs' to avoid re-running this script phase.\necho \"SUCCESS\" > \"${SCRIPT_OUTPUT_FILE_0}\"\n";
			showEnvVarsInLog = 0;
		};
		A254FF46F54B0F54EF19EF0F /* [CP] Embed Pods Frameworks */ = {
			isa = PBXShellScriptBuildPhase;
			buildActionMask = 2147483647;
			files = (
			);
			inputFileListPaths = (
				"${PODS_ROOT}/Target Support Files/Pods-Barva./Pods-Barva.-frameworks-${CONFIGURATION}-input-files.xcfilelist",
			);
			name = "[CP] Embed Pods Frameworks";
			outputFileListPaths = (
				"${PODS_ROOT}/Target Support Files/Pods-Barva./Pods-Barva.-frameworks-${CONFIGURATION}-output-files.xcfilelist",
			);
			runOnlyForDeploymentPostprocessing = 0;
			shellPath = /bin/sh;
			shellScript = "\"${PODS_ROOT}/Target Support Files/Pods-Barva./Pods-Barva.-frameworks.sh\"\n";
			showEnvVarsInLog = 0;
		};
/* End PBXShellScriptBuildPhase section */

/* Begin PBXSourcesBuildPhase section */
		EB25ACF028A1364D0006C1F2 /* Sources */ = {
			isa = PBXSourcesBuildPhase;
			buildActionMask = 2147483647;
			files = (
				EBE4EDC028A5129A005C7516 /* ColorTabViewController.swift in Sources */,
				EBE4EDC328A514AF005C7516 /* UIViewController+Extension.swift in Sources */,
				EB2EA2F928A1409800EC0685 /* SigninViewController.swift in Sources */,
				EBE4EDB628A4E6C7005C7516 /* SigninRequest.swift in Sources */,
				EBA45B3228C100B7007B95CC /* ProfileModifyViewController.swift in Sources */,
				EB25ACFC28A1364D0006C1F2 /* LoginViewController.swift in Sources */,
				EBC760A128B5F3FC006ED770 /* SexBoardViewController.swift in Sources */,
				EBF510D128AFBC2D0098BD5A /* IDCheckRequest.swift in Sources */,
				EB1751FA28AA8D43009FEFBF /* FindViewController.swift in Sources */,
				EB1751F828AA7D7A009FEFBF /* IDFindTabViewController.swift in Sources */,
				EBB8F46228BFA61E0069D4E1 /* StorageTabViewController.swift in Sources */,
				EBB8F46028BFA5830069D4E1 /* MyUpTabViewController.swift in Sources */,
				EBC7609B28B5F32C006ED770 /* HomeTabManViewController.swift in Sources */,
				EBF510DA28AFBD060098BD5A /* AuthMailRequest.swift in Sources */,
				EBB8F45E28BFA56C0069D4E1 /* LikeTabViewController.swift in Sources */,
				EBE4EDB428A4E6B4005C7516 /* LoginResponse.swift in Sources */,
				EB25ACF828A1364D0006C1F2 /* AppDelegate.swift in Sources */,
				EBC7609F28B5F3CB006ED770 /* LikeBoardViewController.swift in Sources */,
				EBE4EDBA28A51238005C7516 /* HomeViewController.swift in Sources */,
				EBF510DE28AFBD890098BD5A /* InspectMailRequest.swift in Sources */,
				EBF510D528AFBC570098BD5A /* NickCheckRequest.swift in Sources */,
				EBE4EDB228A4E6A4005C7516 /* LoginRequest.swift in Sources */,
				EBE4EDBE28A51288005C7516 /* ProfileTabViewController.swift in Sources */,
				EBE4EDB828A4E6D5005C7516 /* SigninResponse.swift in Sources */,
				EBA63E9828AB717100144E3A /* BarvaLog.swift in Sources */,
				EB25ACFA28A1364D0006C1F2 /* SceneDelegate.swift in Sources */,
				EB1751F628AA78F8009FEFBF /* PWFindTabViewController.swift in Sources */,
				EB1751F428AA78EA009FEFBF /* FindTabManViewController.swift in Sources */,
				EBF510D328AFBC410098BD5A /* IDCheckResponse.swift in Sources */,
				EBF510D728AFBC660098BD5A /* NickCheckResponse.swift in Sources */,
				EBE4EDBC28A51255005C7516 /* UploadTabViewController.swift in Sources */,
				EBF510E028AFBD980098BD5A /* InspectMailRewponse.swift in Sources */,
				EBBC384F28A70DEE000D075D /* PopupViewController.swift in Sources */,
				EBB8F45C28BF9C430069D4E1 /* ProfileTabManViewController.swift in Sources */,
				EBF510DC28AFBD1C0098BD5A /* AuthMailResponse.swift in Sources */,
				EBC7609D28B5F385006ED770 /* LatestBoardViewController.swift in Sources */,
			);
			runOnlyForDeploymentPostprocessing = 0;
		};
/* End PBXSourcesBuildPhase section */

/* Begin PBXVariantGroup section */
		EB25ACFD28A1364D0006C1F2 /* Login.storyboard */ = {
			isa = PBXVariantGroup;
			children = (
				EB25ACFE28A1364D0006C1F2 /* Base */,
			);
			name = Login.storyboard;
			sourceTree = "<group>";
		};
		EB25AD0228A136500006C1F2 /* LaunchScreen.storyboard */ = {
			isa = PBXVariantGroup;
			children = (
				EB25AD0328A136500006C1F2 /* Base */,
			);
			name = LaunchScreen.storyboard;
			sourceTree = "<group>";
		};
/* End PBXVariantGroup section */

/* Begin XCBuildConfiguration section */
		EB25AD0628A136500006C1F2 /* Debug */ = {
			isa = XCBuildConfiguration;
			buildSettings = {
				ALWAYS_SEARCH_USER_PATHS = NO;
				CLANG_ANALYZER_NONNULL = YES;
				CLANG_ANALYZER_NUMBER_OBJECT_CONVERSION = YES_AGGRESSIVE;
				CLANG_CXX_LANGUAGE_STANDARD = "gnu++17";
				CLANG_ENABLE_MODULES = YES;
				CLANG_ENABLE_OBJC_ARC = YES;
				CLANG_ENABLE_OBJC_WEAK = YES;
				CLANG_WARN_BLOCK_CAPTURE_AUTORELEASING = YES;
				CLANG_WARN_BOOL_CONVERSION = YES;
				CLANG_WARN_COMMA = YES;
				CLANG_WARN_CONSTANT_CONVERSION = YES;
				CLANG_WARN_DEPRECATED_OBJC_IMPLEMENTATIONS = YES;
				CLANG_WARN_DIRECT_OBJC_ISA_USAGE = YES_ERROR;
				CLANG_WARN_DOCUMENTATION_COMMENTS = YES;
				CLANG_WARN_EMPTY_BODY = YES;
				CLANG_WARN_ENUM_CONVERSION = YES;
				CLANG_WARN_INFINITE_RECURSION = YES;
				CLANG_WARN_INT_CONVERSION = YES;
				CLANG_WARN_NON_LITERAL_NULL_CONVERSION = YES;
				CLANG_WARN_OBJC_IMPLICIT_RETAIN_SELF = YES;
				CLANG_WARN_OBJC_LITERAL_CONVERSION = YES;
				CLANG_WARN_OBJC_ROOT_CLASS = YES_ERROR;
				CLANG_WARN_QUOTED_INCLUDE_IN_FRAMEWORK_HEADER = YES;
				CLANG_WARN_RANGE_LOOP_ANALYSIS = YES;
				CLANG_WARN_STRICT_PROTOTYPES = YES;
				CLANG_WARN_SUSPICIOUS_MOVE = YES;
				CLANG_WARN_UNGUARDED_AVAILABILITY = YES_AGGRESSIVE;
				CLANG_WARN_UNREACHABLE_CODE = YES;
				CLANG_WARN__DUPLICATE_METHOD_MATCH = YES;
				COPY_PHASE_STRIP = NO;
				DEBUG_INFORMATION_FORMAT = dwarf;
				ENABLE_STRICT_OBJC_MSGSEND = YES;
				ENABLE_TESTABILITY = YES;
				GCC_C_LANGUAGE_STANDARD = gnu11;
				GCC_DYNAMIC_NO_PIC = NO;
				GCC_NO_COMMON_BLOCKS = YES;
				GCC_OPTIMIZATION_LEVEL = 0;
				GCC_PREPROCESSOR_DEFINITIONS = (
					"DEBUG=1",
					"$(inherited)",
				);
				GCC_WARN_64_TO_32_BIT_CONVERSION = YES;
				GCC_WARN_ABOUT_RETURN_TYPE = YES_ERROR;
				GCC_WARN_UNDECLARED_SELECTOR = YES;
				GCC_WARN_UNINITIALIZED_AUTOS = YES_AGGRESSIVE;
				GCC_WARN_UNUSED_FUNCTION = YES;
				GCC_WARN_UNUSED_VARIABLE = YES;
				IPHONEOS_DEPLOYMENT_TARGET = 15.5;
				MTL_ENABLE_DEBUG_INFO = INCLUDE_SOURCE;
				MTL_FAST_MATH = YES;
				ONLY_ACTIVE_ARCH = YES;
				SDKROOT = iphoneos;
				SWIFT_ACTIVE_COMPILATION_CONDITIONS = DEBUG;
				SWIFT_OPTIMIZATION_LEVEL = "-Onone";
			};
			name = Debug;
		};
		EB25AD0728A136500006C1F2 /* Release */ = {
			isa = XCBuildConfiguration;
			buildSettings = {
				ALWAYS_SEARCH_USER_PATHS = NO;
				CLANG_ANALYZER_NONNULL = YES;
				CLANG_ANALYZER_NUMBER_OBJECT_CONVERSION = YES_AGGRESSIVE;
				CLANG_CXX_LANGUAGE_STANDARD = "gnu++17";
				CLANG_ENABLE_MODULES = YES;
				CLANG_ENABLE_OBJC_ARC = YES;
				CLANG_ENABLE_OBJC_WEAK = YES;
				CLANG_WARN_BLOCK_CAPTURE_AUTORELEASING = YES;
				CLANG_WARN_BOOL_CONVERSION = YES;
				CLANG_WARN_COMMA = YES;
				CLANG_WARN_CONSTANT_CONVERSION = YES;
				CLANG_WARN_DEPRECATED_OBJC_IMPLEMENTATIONS = YES;
				CLANG_WARN_DIRECT_OBJC_ISA_USAGE = YES_ERROR;
				CLANG_WARN_DOCUMENTATION_COMMENTS = YES;
				CLANG_WARN_EMPTY_BODY = YES;
				CLANG_WARN_ENUM_CONVERSION = YES;
				CLANG_WARN_INFINITE_RECURSION = YES;
				CLANG_WARN_INT_CONVERSION = YES;
				CLANG_WARN_NON_LITERAL_NULL_CONVERSION = YES;
				CLANG_WARN_OBJC_IMPLICIT_RETAIN_SELF = YES;
				CLANG_WARN_OBJC_LITERAL_CONVERSION = YES;
				CLANG_WARN_OBJC_ROOT_CLASS = YES_ERROR;
				CLANG_WARN_QUOTED_INCLUDE_IN_FRAMEWORK_HEADER = YES;
				CLANG_WARN_RANGE_LOOP_ANALYSIS = YES;
				CLANG_WARN_STRICT_PROTOTYPES = YES;
				CLANG_WARN_SUSPICIOUS_MOVE = YES;
				CLANG_WARN_UNGUARDED_AVAILABILITY = YES_AGGRESSIVE;
				CLANG_WARN_UNREACHABLE_CODE = YES;
				CLANG_WARN__DUPLICATE_METHOD_MATCH = YES;
				COPY_PHASE_STRIP = NO;
				DEBUG_INFORMATION_FORMAT = "dwarf-with-dsym";
				ENABLE_NS_ASSERTIONS = NO;
				ENABLE_STRICT_OBJC_MSGSEND = YES;
				GCC_C_LANGUAGE_STANDARD = gnu11;
				GCC_NO_COMMON_BLOCKS = YES;
				GCC_WARN_64_TO_32_BIT_CONVERSION = YES;
				GCC_WARN_ABOUT_RETURN_TYPE = YES_ERROR;
				GCC_WARN_UNDECLARED_SELECTOR = YES;
				GCC_WARN_UNINITIALIZED_AUTOS = YES_AGGRESSIVE;
				GCC_WARN_UNUSED_FUNCTION = YES;
				GCC_WARN_UNUSED_VARIABLE = YES;
				IPHONEOS_DEPLOYMENT_TARGET = 15.5;
				MTL_ENABLE_DEBUG_INFO = NO;
				MTL_FAST_MATH = YES;
				SDKROOT = iphoneos;
				SWIFT_COMPILATION_MODE = wholemodule;
				SWIFT_OPTIMIZATION_LEVEL = "-O";
				VALIDATE_PRODUCT = YES;
			};
			name = Release;
		};
		EB25AD0928A136500006C1F2 /* Debug */ = {
			isa = XCBuildConfiguration;
			baseConfigurationReference = AAC241ED1C09FC4C51B94F4D /* Pods-Barva..debug.xcconfig */;
			buildSettings = {
				ASSETCATALOG_COMPILER_APPICON_NAME = AppIcon;
				ASSETCATALOG_COMPILER_GLOBAL_ACCENT_COLOR_NAME = AccentColor;
				CODE_SIGN_STYLE = Automatic;
				CURRENT_PROJECT_VERSION = 1;
				DEVELOPMENT_TEAM = VKGAQDGK5R;
				GENERATE_INFOPLIST_FILE = YES;
				INFOPLIST_FILE = Barva./Info.plist;
				INFOPLIST_KEY_UIApplicationSupportsIndirectInputEvents = YES;
				INFOPLIST_KEY_UILaunchStoryboardName = LaunchScreen;
				INFOPLIST_KEY_UIMainStoryboardFile = Login;
				INFOPLIST_KEY_UISupportedInterfaceOrientations_iPad = "UIInterfaceOrientationPortrait UIInterfaceOrientationPortraitUpsideDown UIInterfaceOrientationLandscapeLeft UIInterfaceOrientationLandscapeRight";
				INFOPLIST_KEY_UISupportedInterfaceOrientations_iPhone = "UIInterfaceOrientationPortrait UIInterfaceOrientationLandscapeLeft UIInterfaceOrientationLandscapeRight";
				LD_RUNPATH_SEARCH_PATHS = (
					"$(inherited)",
					"@executable_path/Frameworks",
				);
				MARKETING_VERSION = 1.0;
				PRODUCT_BUNDLE_IDENTIFIER = "com.Dong.Barva-";
				PRODUCT_NAME = "$(TARGET_NAME)";
				SWIFT_EMIT_LOC_STRINGS = YES;
				SWIFT_VERSION = 5.0;
				TARGETED_DEVICE_FAMILY = 1;
			};
			name = Debug;
		};
		EB25AD0A28A136500006C1F2 /* Release */ = {
			isa = XCBuildConfiguration;
			baseConfigurationReference = 99C4C033FDF3CECE088BEA18 /* Pods-Barva..release.xcconfig */;
			buildSettings = {
				ASSETCATALOG_COMPILER_APPICON_NAME = AppIcon;
				ASSETCATALOG_COMPILER_GLOBAL_ACCENT_COLOR_NAME = AccentColor;
				CODE_SIGN_STYLE = Automatic;
				CURRENT_PROJECT_VERSION = 1;
				DEVELOPMENT_TEAM = VKGAQDGK5R;
				GENERATE_INFOPLIST_FILE = YES;
				INFOPLIST_FILE = Barva./Info.plist;
				INFOPLIST_KEY_UIApplicationSupportsIndirectInputEvents = YES;
				INFOPLIST_KEY_UILaunchStoryboardName = LaunchScreen;
				INFOPLIST_KEY_UIMainStoryboardFile = Login;
				INFOPLIST_KEY_UISupportedInterfaceOrientations_iPad = "UIInterfaceOrientationPortrait UIInterfaceOrientationPortraitUpsideDown UIInterfaceOrientationLandscapeLeft UIInterfaceOrientationLandscapeRight";
				INFOPLIST_KEY_UISupportedInterfaceOrientations_iPhone = "UIInterfaceOrientationPortrait UIInterfaceOrientationLandscapeLeft UIInterfaceOrientationLandscapeRight";
				LD_RUNPATH_SEARCH_PATHS = (
					"$(inherited)",
					"@executable_path/Frameworks",
				);
				MARKETING_VERSION = 1.0;
				PRODUCT_BUNDLE_IDENTIFIER = "com.Dong.Barva-";
				PRODUCT_NAME = "$(TARGET_NAME)";
				SWIFT_EMIT_LOC_STRINGS = YES;
				SWIFT_VERSION = 5.0;
				TARGETED_DEVICE_FAMILY = 1;
			};
			name = Release;
		};
/* End XCBuildConfiguration section */

/* Begin XCConfigurationList section */
		EB25ACEF28A1364D0006C1F2 /* Build configuration list for PBXProject "Barva." */ = {
			isa = XCConfigurationList;
			buildConfigurations = (
				EB25AD0628A136500006C1F2 /* Debug */,
				EB25AD0728A136500006C1F2 /* Release */,
			);
			defaultConfigurationIsVisible = 0;
			defaultConfigurationName = Release;
		};
		EB25AD0828A136500006C1F2 /* Build configuration list for PBXNativeTarget "Barva." */ = {
			isa = XCConfigurationList;
			buildConfigurations = (
				EB25AD0928A136500006C1F2 /* Debug */,
				EB25AD0A28A136500006C1F2 /* Release */,
			);
			defaultConfigurationIsVisible = 0;
			defaultConfigurationName = Release;
		};
/* End XCConfigurationList section */
	};
	rootObject = EB25ACEC28A1364D0006C1F2 /* Project object */;
}
